
Microsoft Visual Studio Solution File, Format Version 12.00
# Visual Studio Version 17
VisualStudioVersion = 17.14.36408.4 d17.14
MinimumVisualStudioVersion = 10.0.40219.1
Project("{FAE04EC0-301F-11D3-BF4B-00C04F79EFBC}") = "Twilio_SMS_Integration", "Twilio_SMS_Integration\Twilio_SMS_Integration.csproj", "{A71661B4-66B5-44BC-9A43-55B90A1C51FA}"
EndProject
Global
	GlobalSection(SolutionConfigurationPlatforms) = preSolution
		Debug|Any CPU = Debug|Any CPU
		Release|Any CPU = Release|Any CPU
	EndGlobalSection
	GlobalSection(ProjectConfigurationPlatforms) = postSolution
		{A71661B4-66B5-44BC-9A43-55B90A1C51FA}.Debug|Any CPU.ActiveCfg = Debug|Any CPU
		{A71661B4-66B5-44BC-9A43-55B90A1C51FA}.Debug|Any CPU.Build.0 = Debug|Any CPU
		{A71661B4-66B5-44BC-9A43-55B90A1C51FA}.Release|Any CPU.ActiveCfg = Release|Any CPU
		{A71661B4-66B5-44BC-9A43-55B90A1C51FA}.Release|Any CPU.Build.0 = Release|Any CPU
	EndGlobalSection
	GlobalSection(SolutionProperties) = preSolution
		HideSolutionNode = FALSE
	EndGlobalSection
	GlobalSection(ExtensibilityGlobals) = postSolution
		SolutionGuid = {FF98F558-9180-441E-AEF4-96510B2EF5D8}
	EndGlobalSection
EndGlobal
